# THIS IS AN AUTOGENERATED FILE. DO NOT EDIT THIS FILE DIRECTLY.
# yarn lockfile v1


bs-platform@^4.0.14:
  version "4.0.14"
  resolved "https://registry.yarnpkg.com/bs-platform/-/bs-platform-4.0.14.tgz#1d9e9622d59ebf4d39408d07b41997201c5f9750"

co@^4.6.0:
  version "4.6.0"
  resolved "https://registry.yarnpkg.com/co/-/co-4.6.0.tgz#6ea6bdf3d853ae54ccb8e47bfa0bf3f9031fb184"

thunkify@^2.1.2:
  version "2.1.2"
  resolved "https://registry.yarnpkg.com/thunkify/-/thunkify-2.1.2.tgz#faa0e9d230c51acc95ca13a361ac05ca7e04553d"
