# THIS IS AN AUTOGENERATED FILE. DO NOT EDIT THIS FILE DIRECTLY.
# yarn lockfile v1


bs-platform@^3.0.0:
  version "3.0.0"
  resolved "https://registry.yarnpkg.com/bs-platform/-/bs-platform-3.0.0.tgz#38f200730db52fdea37819376b6ac3dfb20244c0"

co@^4.6.0:
  version "4.6.0"
  resolved "https://registry.yarnpkg.com/co/-/co-4.6.0.tgz#6ea6bdf3d853ae54ccb8e47bfa0bf3f9031fb184"

thunkify@^2.1.2:
  version "2.1.2"
  resolved "https://registry.yarnpkg.com/thunkify/-/thunkify-2.1.2.tgz#faa0e9d230c51acc95ca13a361ac05ca7e04553d"
